// !$*UTF8*$!
{
	archiveVersion = 1;
	classes = {
	};
	objectVersion = 46;
	objects = {

/* Begin PBXBuildFile section */
		624E6AF5181E5FD300E7FE58 /* Foundation.framework in Frameworks */ = {isa = PBXBuildFile; fileRef = 624E6AF4181E5FD300E7FE58 /* Foundation.framework */; };
		624E6AF7181E5FD300E7FE58 /* CoreGraphics.framework in Frameworks */ = {isa = PBXBuildFile; fileRef = 624E6AF6181E5FD300E7FE58 /* CoreGraphics.framework */; };
		624E6AF9181E5FD300E7FE58 /* UIKit.framework in Frameworks */ = {isa = PBXBuildFile; fileRef = 624E6AF8181E5FD300E7FE58 /* UIKit.framework */; };
		624E6AFF181E5FD300E7FE58 /* InfoPlist.strings in Resources */ = {isa = PBXBuildFile; fileRef = 624E6AFD181E5FD300E7FE58 /* InfoPlist.strings */; };
		624E6B01181E5FD300E7FE58 /* main.m in Sources */ = {isa = PBXBuildFile; fileRef = 624E6B00181E5FD300E7FE58 /* main.m */; };
		624E6B05181E5FD300E7FE58 /* AppDelegate.m in Sources */ = {isa = PBXBuildFile; fileRef = 624E6B04181E5FD300E7FE58 /* AppDelegate.m */; };
		624E6B08181E5FD300E7FE58 /* Main.storyboard in Resources */ = {isa = PBXBuildFile; fileRef = 624E6B06181E5FD300E7FE58 /* Main.storyboard */; };
		624E6B0B181E5FD300E7FE58 /* ViewController.m in Sources */ = {isa = PBXBuildFile; fileRef = 624E6B0A181E5FD300E7FE58 /* ViewController.m */; };
		624E6B0D181E5FD300E7FE58 /* Images.xcassets in Resources */ = {isa = PBXBuildFile; fileRef = 624E6B0C181E5FD300E7FE58 /* Images.xcassets */; };
		624E6B14181E5FD300E7FE58 /* XCTest.framework in Frameworks */ = {isa = PBXBuildFile; fileRef = 624E6B13181E5FD300E7FE58 /* XCTest.framework */; };
		624E6B15181E5FD300E7FE58 /* Foundation.framework in Frameworks */ = {isa = PBXBuildFile; fileRef = 624E6AF4181E5FD300E7FE58 /* Foundation.framework */; };
		624E6B16181E5FD300E7FE58 /* UIKit.framework in Frameworks */ = {isa = PBXBuildFile; fileRef = 624E6AF8181E5FD300E7FE58 /* UIKit.framework */; };
		624E6B1E181E5FD300E7FE58 /* InfoPlist.strings in Resources */ = {isa = PBXBuildFile; fileRef = 624E6B1C181E5FD300E7FE58 /* InfoPlist.strings */; };
		624E6B20181E5FD300E7FE58 /* PicassoTests.m in Sources */ = {isa = PBXBuildFile; fileRef = 624E6B1F181E5FD300E7FE58 /* PicassoTests.m */; };
		624E6B2A181E5FE000E7FE58 /* AVFoundation.framework in Frameworks */ = {isa = PBXBuildFile; fileRef = 624E6B29181E5FE000E7FE58 /* AVFoundation.framework */; };
		624E6B2C181E5FE900E7FE58 /* CoreMotion.framework in Frameworks */ = {isa = PBXBuildFile; fileRef = 624E6B2B181E5FE900E7FE58 /* CoreMotion.framework */; };
		624E6B3E181E7A4400E7FE58 /* VideoPlayerView.m in Sources */ = {isa = PBXBuildFile; fileRef = 624E6B3D181E7A4400E7FE58 /* VideoPlayerView.m */; };
		624E6B41181E8C1200E7FE58 /* MotionVideoPlayer.m in Sources */ = {isa = PBXBuildFile; fileRef = 624E6B40181E8C1200E7FE58 /* MotionVideoPlayer.m */; };
		624E6B44181E949C00E7FE58 /* SceneManager.m in Sources */ = {isa = PBXBuildFile; fileRef = 624E6B43181E949C00E7FE58 /* SceneManager.m */; };
		624E6B47181E94B100E7FE58 /* SceneViewController.m in Sources */ = {isa = PBXBuildFile; fileRef = 624E6B46181E94B100E7FE58 /* SceneViewController.m */; };
		624E6B54181E9AC100E7FE58 /* data.json in Resources */ = {isa = PBXBuildFile; fileRef = 624E6B50181E9AC100E7FE58 /* data.json */; };
		624E6B55181E9AC100E7FE58 /* scene-1.mp4 in Resources */ = {isa = PBXBuildFile; fileRef = 624E6B52181E9AC100E7FE58 /* scene-1.mp4 */; };
		624E6B59181E9EEE00E7FE58 /* DataManager.m in Sources */ = {isa = PBXBuildFile; fileRef = 624E6B58181E9EEE00E7FE58 /* DataManager.m */; };
		624E6B5D181EA2AB00E7FE58 /* WorkModel.m in Sources */ = {isa = PBXBuildFile; fileRef = 624E6B5C181EA2AB00E7FE58 /* WorkModel.m */; };
		624E6B60181EA2B700E7FE58 /* SceneModel.m in Sources */ = {isa = PBXBuildFile; fileRef = 624E6B5F181EA2B700E7FE58 /* SceneModel.m */; };
/* End PBXBuildFile section */

/* Begin PBXContainerItemProxy section */
		624E6B17181E5FD300E7FE58 /* PBXContainerItemProxy */ = {
			isa = PBXContainerItemProxy;
			containerPortal = 624E6AE9181E5FD300E7FE58 /* Project object */;
			proxyType = 1;
			remoteGlobalIDString = 624E6AF0181E5FD300E7FE58;
			remoteInfo = Picasso;
		};
/* End PBXContainerItemProxy section */

/* Begin PBXFileReference section */
		624E6AF1181E5FD300E7FE58 /* Picasso.app */ = {isa = PBXFileReference; explicitFileType = wrapper.application; includeInIndex = 0; path = Picasso.app; sourceTree = BUILT_PRODUCTS_DIR; };
		624E6AF4181E5FD300E7FE58 /* Foundation.framework */ = {isa = PBXFileReference; lastKnownFileType = wrapper.framework; name = Foundation.framework; path = System/Library/Frameworks/Foundation.framework; sourceTree = SDKROOT; };
		624E6AF6181E5FD300E7FE58 /* CoreGraphics.framework */ = {isa = PBXFileReference; lastKnownFileType = wrapper.framework; name = CoreGraphics.framework; path = System/Library/Frameworks/CoreGraphics.framework; sourceTree = SDKROOT; };
		624E6AF8181E5FD300E7FE58 /* UIKit.framework */ = {isa = PBXFileReference; lastKnownFileType = wrapper.framework; name = UIKit.framework; path = System/Library/Frameworks/UIKit.framework; sourceTree = SDKROOT; };
		624E6AFC181E5FD300E7FE58 /* Picasso-Info.plist */ = {isa = PBXFileReference; lastKnownFileType = text.plist.xml; path = "Picasso-Info.plist"; sourceTree = "<group>"; };
		624E6AFE181E5FD300E7FE58 /* en */ = {isa = PBXFileReference; lastKnownFileType = text.plist.strings; name = en; path = en.lproj/InfoPlist.strings; sourceTree = "<group>"; };
		624E6B00181E5FD300E7FE58 /* main.m */ = {isa = PBXFileReference; lastKnownFileType = sourcecode.c.objc; path = main.m; sourceTree = "<group>"; };
		624E6B02181E5FD300E7FE58 /* Picasso-Prefix.pch */ = {isa = PBXFileReference; lastKnownFileType = sourcecode.c.h; path = "Picasso-Prefix.pch"; sourceTree = "<group>"; };
		624E6B03181E5FD300E7FE58 /* AppDelegate.h */ = {isa = PBXFileReference; lastKnownFileType = sourcecode.c.h; path = AppDelegate.h; sourceTree = "<group>"; };
		624E6B04181E5FD300E7FE58 /* AppDelegate.m */ = {isa = PBXFileReference; lastKnownFileType = sourcecode.c.objc; path = AppDelegate.m; sourceTree = "<group>"; };
		624E6B07181E5FD300E7FE58 /* Base */ = {isa = PBXFileReference; lastKnownFileType = file.storyboard; name = Base; path = Base.lproj/Main.storyboard; sourceTree = "<group>"; };
		624E6B09181E5FD300E7FE58 /* ViewController.h */ = {isa = PBXFileReference; lastKnownFileType = sourcecode.c.h; path = ViewController.h; sourceTree = "<group>"; };
		624E6B0A181E5FD300E7FE58 /* ViewController.m */ = {isa = PBXFileReference; lastKnownFileType = sourcecode.c.objc; path = ViewController.m; sourceTree = "<group>"; };
		624E6B0C181E5FD300E7FE58 /* Images.xcassets */ = {isa = PBXFileReference; lastKnownFileType = folder.assetcatalog; path = Images.xcassets; sourceTree = "<group>"; };
		624E6B12181E5FD300E7FE58 /* PicassoTests.xctest */ = {isa = PBXFileReference; explicitFileType = wrapper.cfbundle; includeInIndex = 0; path = PicassoTests.xctest; sourceTree = BUILT_PRODUCTS_DIR; };
		624E6B13181E5FD300E7FE58 /* XCTest.framework */ = {isa = PBXFileReference; lastKnownFileType = wrapper.framework; name = XCTest.framework; path = Library/Frameworks/XCTest.framework; sourceTree = DEVELOPER_DIR; };
		624E6B1B181E5FD300E7FE58 /* PicassoTests-Info.plist */ = {isa = PBXFileReference; lastKnownFileType = text.plist.xml; path = "PicassoTests-Info.plist"; sourceTree = "<group>"; };
		624E6B1D181E5FD300E7FE58 /* en */ = {isa = PBXFileReference; lastKnownFileType = text.plist.strings; name = en; path = en.lproj/InfoPlist.strings; sourceTree = "<group>"; };
		624E6B1F181E5FD300E7FE58 /* PicassoTests.m */ = {isa = PBXFileReference; lastKnownFileType = sourcecode.c.objc; path = PicassoTests.m; sourceTree = "<group>"; };
		624E6B29181E5FE000E7FE58 /* AVFoundation.framework */ = {isa = PBXFileReference; lastKnownFileType = wrapper.framework; name = AVFoundation.framework; path = System/Library/Frameworks/AVFoundation.framework; sourceTree = SDKROOT; };
		624E6B2B181E5FE900E7FE58 /* CoreMotion.framework */ = {isa = PBXFileReference; lastKnownFileType = wrapper.framework; name = CoreMotion.framework; path = System/Library/Frameworks/CoreMotion.framework; sourceTree = SDKROOT; };
		624E6B3C181E7A4400E7FE58 /* VideoPlayerView.h */ = {isa = PBXFileReference; fileEncoding = 4; lastKnownFileType = sourcecode.c.h; name = VideoPlayerView.h; path = Modules/VideoPlayer/VideoPlayerView.h; sourceTree = "<group>"; };
		624E6B3D181E7A4400E7FE58 /* VideoPlayerView.m */ = {isa = PBXFileReference; fileEncoding = 4; lastKnownFileType = sourcecode.c.objc; name = VideoPlayerView.m; path = Modules/VideoPlayer/VideoPlayerView.m; sourceTree = "<group>"; };
		624E6B3F181E8C1200E7FE58 /* MotionVideoPlayer.h */ = {isa = PBXFileReference; fileEncoding = 4; lastKnownFileType = sourcecode.c.h; name = MotionVideoPlayer.h; path = Modules/VideoPlayer/MotionVideoPlayer.h; sourceTree = "<group>"; };
		624E6B40181E8C1200E7FE58 /* MotionVideoPlayer.m */ = {isa = PBXFileReference; fileEncoding = 4; lastKnownFileType = sourcecode.c.objc; name = MotionVideoPlayer.m; path = Modules/VideoPlayer/MotionVideoPlayer.m; sourceTree = "<group>"; };
		624E6B42181E949C00E7FE58 /* SceneManager.h */ = {isa = PBXFileReference; fileEncoding = 4; lastKnownFileType = sourcecode.c.h; name = SceneManager.h; path = Modules/SceneManager/SceneManager.h; sourceTree = "<group>"; };
		624E6B43181E949C00E7FE58 /* SceneManager.m */ = {isa = PBXFileReference; fileEncoding = 4; lastKnownFileType = sourcecode.c.objc; name = SceneManager.m; path = Modules/SceneManager/SceneManager.m; sourceTree = "<group>"; };
		624E6B45181E94B100E7FE58 /* SceneViewController.h */ = {isa = PBXFileReference; fileEncoding = 4; lastKnownFileType = sourcecode.c.h; name = SceneViewController.h; path = Modules/SceneManager/SceneViewController.h; sourceTree = "<group>"; };
		624E6B46181E94B100E7FE58 /* SceneViewController.m */ = {isa = PBXFileReference; fileEncoding = 4; lastKnownFileType = sourcecode.c.objc; name = SceneViewController.m; path = Modules/SceneManager/SceneViewController.m; sourceTree = "<group>"; };
		624E6B50181E9AC100E7FE58 /* data.json */ = {isa = PBXFileReference; fileEncoding = 4; lastKnownFileType = text.json; name = data.json; path = Data/data.json; sourceTree = "<group>"; };
		624E6B52181E9AC100E7FE58 /* scene-1.mp4 */ = {isa = PBXFileReference; lastKnownFileType = file; path = "scene-1.mp4"; sourceTree = "<group>"; };
		624E6B57181E9EEE00E7FE58 /* DataManager.h */ = {isa = PBXFileReference; fileEncoding = 4; lastKnownFileType = sourcecode.c.h; name = DataManager.h; path = Modules/DataManager/DataManager.h; sourceTree = "<group>"; };
		624E6B58181E9EEE00E7FE58 /* DataManager.m */ = {isa = PBXFileReference; fileEncoding = 4; lastKnownFileType = sourcecode.c.objc; name = DataManager.m; path = Modules/DataManager/DataManager.m; sourceTree = "<group>"; };
		624E6B5B181EA2AB00E7FE58 /* WorkModel.h */ = {isa = PBXFileReference; fileEncoding = 4; lastKnownFileType = sourcecode.c.h; name = WorkModel.h; path = Models/WorkModel.h; sourceTree = "<group>"; };
		624E6B5C181EA2AB00E7FE58 /* WorkModel.m */ = {isa = PBXFileReference; fileEncoding = 4; lastKnownFileType = sourcecode.c.objc; name = WorkModel.m; path = Models/WorkModel.m; sourceTree = "<group>"; };
		624E6B5E181EA2B700E7FE58 /* SceneModel.h */ = {isa = PBXFileReference; fileEncoding = 4; lastKnownFileType = sourcecode.c.h; name = SceneModel.h; path = Models/SceneModel.h; sourceTree = "<group>"; };
		624E6B5F181EA2B700E7FE58 /* SceneModel.m */ = {isa = PBXFileReference; fileEncoding = 4; lastKnownFileType = sourcecode.c.objc; name = SceneModel.m; path = Models/SceneModel.m; sourceTree = "<group>"; };
/* End PBXFileReference section */

/* Begin PBXFrameworksBuildPhase section */
		624E6AEE181E5FD300E7FE58 /* Frameworks */ = {
			isa = PBXFrameworksBuildPhase;
			buildActionMask = 2147483647;
			files = (
				624E6B2C181E5FE900E7FE58 /* CoreMotion.framework in Frameworks */,
				624E6B2A181E5FE000E7FE58 /* AVFoundation.framework in Frameworks */,
				624E6AF7181E5FD300E7FE58 /* CoreGraphics.framework in Frameworks */,
				624E6AF9181E5FD300E7FE58 /* UIKit.framework in Frameworks */,
				624E6AF5181E5FD300E7FE58 /* Foundation.framework in Frameworks */,
			);
			runOnlyForDeploymentPostprocessing = 0;
		};
		624E6B0F181E5FD300E7FE58 /* Frameworks */ = {
			isa = PBXFrameworksBuildPhase;
			buildActionMask = 2147483647;
			files = (
				624E6B14181E5FD300E7FE58 /* XCTest.framework in Frameworks */,
				624E6B16181E5FD300E7FE58 /* UIKit.framework in Frameworks */,
				624E6B15181E5FD300E7FE58 /* Foundation.framework in Frameworks */,
			);
			runOnlyForDeploymentPostprocessing = 0;
		};
/* End PBXFrameworksBuildPhase section */

/* Begin PBXGroup section */
		624E6AE8181E5FD300E7FE58 = {
			isa = PBXGroup;
			children = (
				624E6AFA181E5FD300E7FE58 /* Picasso */,
				624E6B19181E5FD300E7FE58 /* PicassoTests */,
				624E6AF3181E5FD300E7FE58 /* Frameworks */,
				624E6AF2181E5FD300E7FE58 /* Products */,
			);
			sourceTree = "<group>";
		};
		624E6AF2181E5FD300E7FE58 /* Products */ = {
			isa = PBXGroup;
			children = (
				624E6AF1181E5FD300E7FE58 /* Picasso.app */,
				624E6B12181E5FD300E7FE58 /* PicassoTests.xctest */,
			);
			name = Products;
			sourceTree = "<group>";
		};
		624E6AF3181E5FD300E7FE58 /* Frameworks */ = {
			isa = PBXGroup;
			children = (
				624E6B2B181E5FE900E7FE58 /* CoreMotion.framework */,
				624E6B29181E5FE000E7FE58 /* AVFoundation.framework */,
				624E6AF4181E5FD300E7FE58 /* Foundation.framework */,
				624E6AF6181E5FD300E7FE58 /* CoreGraphics.framework */,
				624E6AF8181E5FD300E7FE58 /* UIKit.framework */,
				624E6B13181E5FD300E7FE58 /* XCTest.framework */,
			);
			name = Frameworks;
			sourceTree = "<group>";
		};
		624E6AFA181E5FD300E7FE58 /* Picasso */ = {
			isa = PBXGroup;
			children = (
				624E6B5A181E9F4C00E7FE58 /* Models */,
				624E6B4F181E9AB100E7FE58 /* Data */,
				624E6B2D181E6FAC00E7FE58 /* Modules */,
				624E6B03181E5FD300E7FE58 /* AppDelegate.h */,
				624E6B04181E5FD300E7FE58 /* AppDelegate.m */,
				624E6B06181E5FD300E7FE58 /* Main.storyboard */,
				624E6B09181E5FD300E7FE58 /* ViewController.h */,
				624E6B0A181E5FD300E7FE58 /* ViewController.m */,
				624E6B0C181E5FD300E7FE58 /* Images.xcassets */,
				624E6AFB181E5FD300E7FE58 /* Supporting Files */,
			);
			path = Picasso;
			sourceTree = "<group>";
		};
		624E6AFB181E5FD300E7FE58 /* Supporting Files */ = {
			isa = PBXGroup;
			children = (
				624E6AFC181E5FD300E7FE58 /* Picasso-Info.plist */,
				624E6AFD181E5FD300E7FE58 /* InfoPlist.strings */,
				624E6B00181E5FD300E7FE58 /* main.m */,
				624E6B02181E5FD300E7FE58 /* Picasso-Prefix.pch */,
			);
			name = "Supporting Files";
			sourceTree = "<group>";
		};
		624E6B19181E5FD300E7FE58 /* PicassoTests */ = {
			isa = PBXGroup;
			children = (
				624E6B1F181E5FD300E7FE58 /* PicassoTests.m */,
				624E6B1A181E5FD300E7FE58 /* Supporting Files */,
			);
			path = PicassoTests;
			sourceTree = "<group>";
		};
		624E6B1A181E5FD300E7FE58 /* Supporting Files */ = {
			isa = PBXGroup;
			children = (
				624E6B1B181E5FD300E7FE58 /* PicassoTests-Info.plist */,
				624E6B1C181E5FD300E7FE58 /* InfoPlist.strings */,
			);
			name = "Supporting Files";
			sourceTree = "<group>";
		};
		624E6B2D181E6FAC00E7FE58 /* Modules */ = {
			isa = PBXGroup;
			children = (
				624E6B56181E9ECF00E7FE58 /* DataManager */,
				624E6B38181E777800E7FE58 /* VideoPlayer */,
				624E6B31181E733800E7FE58 /* SceneManager */,
			);
			name = Modules;
			sourceTree = "<group>";
		};
		624E6B31181E733800E7FE58 /* SceneManager */ = {
			isa = PBXGroup;
			children = (
				624E6B42181E949C00E7FE58 /* SceneManager.h */,
				624E6B43181E949C00E7FE58 /* SceneManager.m */,
				624E6B45181E94B100E7FE58 /* SceneViewController.h */,
				624E6B46181E94B100E7FE58 /* SceneViewController.m */,
			);
			name = SceneManager;
			sourceTree = "<group>";
		};
		624E6B38181E777800E7FE58 /* VideoPlayer */ = {
			isa = PBXGroup;
			children = (
				624E6B3C181E7A4400E7FE58 /* VideoPlayerView.h */,
				624E6B3D181E7A4400E7FE58 /* VideoPlayerView.m */,
				624E6B3F181E8C1200E7FE58 /* MotionVideoPlayer.h */,
				624E6B40181E8C1200E7FE58 /* MotionVideoPlayer.m */,
			);
			name = VideoPlayer;
			sourceTree = "<group>";
		};
		624E6B4F181E9AB100E7FE58 /* Data */ = {
			isa = PBXGroup;
			children = (
				624E6B50181E9AC100E7FE58 /* data.json */,
				624E6B51181E9AC100E7FE58 /* Scenes */,
				624E6B53181E9AC100E7FE58 /* Works */,
			);
			name = Data;
			sourceTree = "<group>";
		};
		624E6B51181E9AC100E7FE58 /* Scenes */ = {
			isa = PBXGroup;
			children = (
				624E6B52181E9AC100E7FE58 /* scene-1.mp4 */,
			);
			name = Scenes;
			path = Data/Scenes;
			sourceTree = "<group>";
		};
		624E6B53181E9AC100E7FE58 /* Works */ = {
			isa = PBXGroup;
			children = (
			);
			name = Works;
			path = Data/Works;
			sourceTree = "<group>";
		};
		624E6B56181E9ECF00E7FE58 /* DataManager */ = {
			isa = PBXGroup;
			children = (
				624E6B57181E9EEE00E7FE58 /* DataManager.h */,
				624E6B58181E9EEE00E7FE58 /* DataManager.m */,
			);
			name = DataManager;
			sourceTree = "<group>";
		};
		624E6B5A181E9F4C00E7FE58 /* Models */ = {
			isa = PBXGroup;
			children = (
				624E6B5B181EA2AB00E7FE58 /* WorkModel.h */,
				624E6B5C181EA2AB00E7FE58 /* WorkModel.m */,
				624E6B5E181EA2B700E7FE58 /* SceneModel.h */,
				624E6B5F181EA2B700E7FE58 /* SceneModel.m */,
			);
			name = Models;
			sourceTree = "<group>";
		};
/* End PBXGroup section */

/* Begin PBXNativeTarget section */
		624E6AF0181E5FD300E7FE58 /* Picasso */ = {
			isa = PBXNativeTarget;
			buildConfigurationList = 624E6B23181E5FD300E7FE58 /* Build configuration list for PBXNativeTarget "Picasso" */;
			buildPhases = (
				624E6AED181E5FD300E7FE58 /* Sources */,
				624E6AEE181E5FD300E7FE58 /* Frameworks */,
				624E6AEF181E5FD300E7FE58 /* Resources */,
			);
			buildRules = (
			);
			dependencies = (
			);
			name = Picasso;
			productName = Picasso;
			productReference = 624E6AF1181E5FD300E7FE58 /* Picasso.app */;
			productType = "com.apple.product-type.application";
		};
		624E6B11181E5FD300E7FE58 /* PicassoTests */ = {
			isa = PBXNativeTarget;
			buildConfigurationList = 624E6B26181E5FD300E7FE58 /* Build configuration list for PBXNativeTarget "PicassoTests" */;
			buildPhases = (
				624E6B0E181E5FD300E7FE58 /* Sources */,
				624E6B0F181E5FD300E7FE58 /* Frameworks */,
				624E6B10181E5FD300E7FE58 /* Resources */,
			);
			buildRules = (
			);
			dependencies = (
				624E6B18181E5FD300E7FE58 /* PBXTargetDependency */,
			);
			name = PicassoTests;
			productName = PicassoTests;
			productReference = 624E6B12181E5FD300E7FE58 /* PicassoTests.xctest */;
			productType = "com.apple.product-type.bundle.unit-test";
		};
/* End PBXNativeTarget section */

/* Begin PBXProject section */
		624E6AE9181E5FD300E7FE58 /* Project object */ = {
			isa = PBXProject;
			attributes = {
				LastUpgradeCheck = 0500;
				ORGANIZATIONNAME = PowerRangers;
				TargetAttributes = {
					624E6B11181E5FD300E7FE58 = {
						TestTargetID = 624E6AF0181E5FD300E7FE58;
					};
				};
			};
			buildConfigurationList = 624E6AEC181E5FD300E7FE58 /* Build configuration list for PBXProject "Picasso" */;
			compatibilityVersion = "Xcode 3.2";
			developmentRegion = English;
			hasScannedForEncodings = 0;
			knownRegions = (
				en,
				Base,
			);
			mainGroup = 624E6AE8181E5FD300E7FE58;
			productRefGroup = 624E6AF2181E5FD300E7FE58 /* Products */;
			projectDirPath = "";
			projectRoot = "";
			targets = (
				624E6AF0181E5FD300E7FE58 /* Picasso */,
				624E6B11181E5FD300E7FE58 /* PicassoTests */,
			);
		};
/* End PBXProject section */

/* Begin PBXResourcesBuildPhase section */
		624E6AEF181E5FD300E7FE58 /* Resources */ = {
			isa = PBXResourcesBuildPhase;
			buildActionMask = 2147483647;
			files = (
				624E6B0D181E5FD300E7FE58 /* Images.xcassets in Resources */,
				624E6B55181E9AC100E7FE58 /* scene-1.mp4 in Resources */,
				624E6AFF181E5FD300E7FE58 /* InfoPlist.strings in Resources */,
				624E6B08181E5FD300E7FE58 /* Main.storyboard in Resources */,
				624E6B54181E9AC100E7FE58 /* data.json in Resources */,
			);
			runOnlyForDeploymentPostprocessing = 0;
		};
		624E6B10181E5FD300E7FE58 /* Resources */ = {
			isa = PBXResourcesBuildPhase;
			buildActionMask = 2147483647;
			files = (
				624E6B1E181E5FD300E7FE58 /* InfoPlist.strings in Resources */,
			);
			runOnlyForDeploymentPostprocessing = 0;
		};
/* End PBXResourcesBuildPhase section */

/* Begin PBXSourcesBuildPhase section */
		624E6AED181E5FD300E7FE58 /* Sources */ = {
			isa = PBXSourcesBuildPhase;
			buildActionMask = 2147483647;
			files = (
				624E6B60181EA2B700E7FE58 /* SceneModel.m in Sources */,
				624E6B0B181E5FD300E7FE58 /* ViewController.m in Sources */,
				624E6B05181E5FD300E7FE58 /* AppDelegate.m in Sources */,
				624E6B01181E5FD300E7FE58 /* main.m in Sources */,
				624E6B41181E8C1200E7FE58 /* MotionVideoPlayer.m in Sources */,
				624E6B47181E94B100E7FE58 /* SceneViewController.m in Sources */,
				624E6B59181E9EEE00E7FE58 /* DataManager.m in Sources */,
				624E6B3E181E7A4400E7FE58 /* VideoPlayerView.m in Sources */,
				624E6B5D181EA2AB00E7FE58 /* WorkModel.m in Sources */,
				624E6B44181E949C00E7FE58 /* SceneManager.m in Sources */,
			);
			runOnlyForDeploymentPostprocessing = 0;
		};
		624E6B0E181E5FD300E7FE58 /* Sources */ = {
			isa = PBXSourcesBuildPhase;
			buildActionMask = 2147483647;
			files = (
				624E6B20181E5FD300E7FE58 /* PicassoTests.m in Sources */,
			);
			runOnlyForDeploymentPostprocessing = 0;
		};
/* End PBXSourcesBuildPhase section */

/* Begin PBXTargetDependency section */
		624E6B18181E5FD300E7FE58 /* PBXTargetDependency */ = {
			isa = PBXTargetDependency;
			target = 624E6AF0181E5FD300E7FE58 /* Picasso */;
			targetProxy = 624E6B17181E5FD300E7FE58 /* PBXContainerItemProxy */;
		};
/* End PBXTargetDependency section */

/* Begin PBXVariantGroup section */
		624E6AFD181E5FD300E7FE58 /* InfoPlist.strings */ = {
			isa = PBXVariantGroup;
			children = (
				624E6AFE181E5FD300E7FE58 /* en */,
			);
			name = InfoPlist.strings;
			sourceTree = "<group>";
		};
		624E6B06181E5FD300E7FE58 /* Main.storyboard */ = {
			isa = PBXVariantGroup;
			children = (
				624E6B07181E5FD300E7FE58 /* Base */,
			);
			name = Main.storyboard;
			sourceTree = "<group>";
		};
		624E6B1C181E5FD300E7FE58 /* InfoPlist.strings */ = {
			isa = PBXVariantGroup;
			children = (
				624E6B1D181E5FD300E7FE58 /* en */,
			);
			name = InfoPlist.strings;
			sourceTree = "<group>";
		};
/* End PBXVariantGroup section */

/* Begin XCBuildConfiguration section */
		624E6B21181E5FD300E7FE58 /* Debug */ = {
			isa = XCBuildConfiguration;
			buildSettings = {
				ALWAYS_SEARCH_USER_PATHS = NO;
				ARCHS = "$(ARCHS_STANDARD_INCLUDING_64_BIT)";
				CLANG_CXX_LANGUAGE_STANDARD = "gnu++0x";
				CLANG_CXX_LIBRARY = "libc++";
				CLANG_ENABLE_MODULES = YES;
				CLANG_ENABLE_OBJC_ARC = YES;
				CLANG_WARN_BOOL_CONVERSION = YES;
				CLANG_WARN_CONSTANT_CONVERSION = YES;
				CLANG_WARN_DIRECT_OBJC_ISA_USAGE = YES_ERROR;
				CLANG_WARN_EMPTY_BODY = YES;
				CLANG_WARN_ENUM_CONVERSION = YES;
				CLANG_WARN_INT_CONVERSION = YES;
				CLANG_WARN_OBJC_ROOT_CLASS = YES_ERROR;
				CLANG_WARN__DUPLICATE_METHOD_MATCH = YES;
				"CODE_SIGN_IDENTITY[sdk=iphoneos*]" = "iPhone Developer";
				COPY_PHASE_STRIP = NO;
				GCC_C_LANGUAGE_STANDARD = gnu99;
				GCC_DYNAMIC_NO_PIC = NO;
				GCC_OPTIMIZATION_LEVEL = 0;
				GCC_PREPROCESSOR_DEFINITIONS = (
					"DEBUG=1",
					"$(inherited)",
				);
				GCC_SYMBOLS_PRIVATE_EXTERN = NO;
				GCC_WARN_64_TO_32_BIT_CONVERSION = YES;
				GCC_WARN_ABOUT_RETURN_TYPE = YES_ERROR;
				GCC_WARN_UNDECLARED_SELECTOR = YES;
				GCC_WARN_UNINITIALIZED_AUTOS = YES;
				GCC_WARN_UNUSED_FUNCTION = YES;
				GCC_WARN_UNUSED_VARIABLE = YES;
				IPHONEOS_DEPLOYMENT_TARGET = 7.0;
				ONLY_ACTIVE_ARCH = YES;
				SDKROOT = iphoneos;
			};
			name = Debug;
		};
		624E6B22181E5FD300E7FE58 /* Release */ = {
			isa = XCBuildConfiguration;
			buildSettings = {
				ALWAYS_SEARCH_USER_PATHS = NO;
				ARCHS = "$(ARCHS_STANDARD_INCLUDING_64_BIT)";
				CLANG_CXX_LANGUAGE_STANDARD = "gnu++0x";
				CLANG_CXX_LIBRARY = "libc++";
				CLANG_ENABLE_MODULES = YES;
				CLANG_ENABLE_OBJC_ARC = YES;
				CLANG_WARN_BOOL_CONVERSION = YES;
				CLANG_WARN_CONSTANT_CONVERSION = YES;
				CLANG_WARN_DIRECT_OBJC_ISA_USAGE = YES_ERROR;
				CLANG_WARN_EMPTY_BODY = YES;
				CLANG_WARN_ENUM_CONVERSION = YES;
				CLANG_WARN_INT_CONVERSION = YES;
				CLANG_WARN_OBJC_ROOT_CLASS = YES_ERROR;
				CLANG_WARN__DUPLICATE_METHOD_MATCH = YES;
				"CODE_SIGN_IDENTITY[sdk=iphoneos*]" = "iPhone Developer";
				COPY_PHASE_STRIP = YES;
				ENABLE_NS_ASSERTIONS = NO;
				GCC_C_LANGUAGE_STANDARD = gnu99;
				GCC_WARN_64_TO_32_BIT_CONVERSION = YES;
				GCC_WARN_ABOUT_RETURN_TYPE = YES_ERROR;
				GCC_WARN_UNDECLARED_SELECTOR = YES;
				GCC_WARN_UNINITIALIZED_AUTOS = YES;
				GCC_WARN_UNUSED_FUNCTION = YES;
				GCC_WARN_UNUSED_VARIABLE = YES;
				IPHONEOS_DEPLOYMENT_TARGET = 7.0;
				SDKROOT = iphoneos;
				VALIDATE_PRODUCT = YES;
			};
			name = Release;
		};
		624E6B24181E5FD300E7FE58 /* Debug */ = {
			isa = XCBuildConfiguration;
			buildSettings = {
				ASSETCATALOG_COMPILER_APPICON_NAME = AppIcon;
				ASSETCATALOG_COMPILER_LAUNCHIMAGE_NAME = LaunchImage;
				GCC_PRECOMPILE_PREFIX_HEADER = YES;
				GCC_PREFIX_HEADER = "Picasso/Picasso-Prefix.pch";
				INFOPLIST_FILE = "Picasso/Picasso-Info.plist";
				PRODUCT_NAME = "$(TARGET_NAME)";
				WRAPPER_EXTENSION = app;
			};
			name = Debug;
		};
		624E6B25181E5FD300E7FE58 /* Release */ = {
			isa = XCBuildConfiguration;
			buildSettings = {
				ASSETCATALOG_COMPILER_APPICON_NAME = AppIcon;
				ASSETCATALOG_COMPILER_LAUNCHIMAGE_NAME = LaunchImage;
				GCC_PRECOMPILE_PREFIX_HEADER = YES;
				GCC_PREFIX_HEADER = "Picasso/Picasso-Prefix.pch";
				INFOPLIST_FILE = "Picasso/Picasso-Info.plist";
				PRODUCT_NAME = "$(TARGET_NAME)";
				WRAPPER_EXTENSION = app;
			};
			name = Release;
		};
		624E6B27181E5FD300E7FE58 /* Debug */ = {
			isa = XCBuildConfiguration;
			buildSettings = {
				ARCHS = "$(ARCHS_STANDARD_INCLUDING_64_BIT)";
				BUNDLE_LOADER = "$(BUILT_PRODUCTS_DIR)/Picasso.app/Picasso";
				FRAMEWORK_SEARCH_PATHS = (
					"$(SDKROOT)/Developer/Library/Frameworks",
					"$(inherited)",
					"$(DEVELOPER_FRAMEWORKS_DIR)",
				);
				GCC_PRECOMPILE_PREFIX_HEADER = YES;
				GCC_PREFIX_HEADER = "Picasso/Picasso-Prefix.pch";
				GCC_PREPROCESSOR_DEFINITIONS = (
					"DEBUG=1",
					"$(inherited)",
				);
				INFOPLIST_FILE = "PicassoTests/PicassoTests-Info.plist";
				PRODUCT_NAME = "$(TARGET_NAME)";
				TEST_HOST = "$(BUNDLE_LOADER)";
				WRAPPER_EXTENSION = xctest;
			};
			name = Debug;
		};
		624E6B28181E5FD300E7FE58 /* Release */ = {
			isa = XCBuildConfiguration;
			buildSettings = {
				ARCHS = "$(ARCHS_STANDARD_INCLUDING_64_BIT)";
				BUNDLE_LOADER = "$(BUILT_PRODUCTS_DIR)/Picasso.app/Picasso";
				FRAMEWORK_SEARCH_PATHS = (
					"$(SDKROOT)/Developer/Library/Frameworks",
					"$(inherited)",
					"$(DEVELOPER_FRAMEWORKS_DIR)",
				);
				GCC_PRECOMPILE_PREFIX_HEADER = YES;
				GCC_PREFIX_HEADER = "Picasso/Picasso-Prefix.pch";
				INFOPLIST_FILE = "PicassoTests/PicassoTests-Info.plist";
				PRODUCT_NAME = "$(TARGET_NAME)";
				TEST_HOST = "$(BUNDLE_LOADER)";
				WRAPPER_EXTENSION = xctest;
			};
			name = Release;
		};
/* End XCBuildConfiguration section */

/* Begin XCConfigurationList section */
		624E6AEC181E5FD300E7FE58 /* Build configuration list for PBXProject "Picasso" */ = {
			isa = XCConfigurationList;
			buildConfigurations = (
				624E6B21181E5FD300E7FE58 /* Debug */,
				624E6B22181E5FD300E7FE58 /* Release */,
			);
			defaultConfigurationIsVisible = 0;
			defaultConfigurationName = Release;
		};
		624E6B23181E5FD300E7FE58 /* Build configuration list for PBXNativeTarget "Picasso" */ = {
			isa = XCConfigurationList;
			buildConfigurations = (
				624E6B24181E5FD300E7FE58 /* Debug */,
				624E6B25181E5FD300E7FE58 /* Release */,
			);
			defaultConfigurationIsVisible = 0;
		};
		624E6B26181E5FD300E7FE58 /* Build configuration list for PBXNativeTarget "PicassoTests" */ = {
			isa = XCConfigurationList;
			buildConfigurations = (
				624E6B27181E5FD300E7FE58 /* Debug */,
				624E6B28181E5FD300E7FE58 /* Release */,
			);
			defaultConfigurationIsVisible = 0;
		};
/* End XCConfigurationList section */
	};
	rootObject = 624E6AE9181E5FD300E7FE58 /* Project object */;
}
