// !$*UTF8*$!
{
	archiveVersion = 1;
	classes = {
	};
	objectVersion = 46;
	objects = {

/* Begin PBXBuildFile section */
		6248626618225E7C00F5927A /* SceneChooser.m in Sources */ = {isa = PBXBuildFile; fileRef = 6248626518225E7C00F5927A /* SceneChooser.m */; };
		624B978B18211AC50087C576 /* SceneSlider.m in Sources */ = {isa = PBXBuildFile; fileRef = 624B978A18211AC50087C576 /* SceneSlider.m */; };
		624B978F182120580087C576 /* OrientationUtils.m in Sources */ = {isa = PBXBuildFile; fileRef = 624B978E182120580087C576 /* OrientationUtils.m */; };
		624B97921821534A0087C576 /* Menu.m in Sources */ = {isa = PBXBuildFile; fileRef = 624B97911821534A0087C576 /* Menu.m */; };
		624B9799182158A20087C576 /* tracker-button.png in Resources */ = {isa = PBXBuildFile; fileRef = 624B9797182158A20087C576 /* tracker-button.png */; };
		624E6AF5181E5FD300E7FE58 /* Foundation.framework in Frameworks */ = {isa = PBXBuildFile; fileRef = 624E6AF4181E5FD300E7FE58 /* Foundation.framework */; };
		624E6AF7181E5FD300E7FE58 /* CoreGraphics.framework in Frameworks */ = {isa = PBXBuildFile; fileRef = 624E6AF6181E5FD300E7FE58 /* CoreGraphics.framework */; };
		624E6AF9181E5FD300E7FE58 /* UIKit.framework in Frameworks */ = {isa = PBXBuildFile; fileRef = 624E6AF8181E5FD300E7FE58 /* UIKit.framework */; };
		624E6AFF181E5FD300E7FE58 /* InfoPlist.strings in Resources */ = {isa = PBXBuildFile; fileRef = 624E6AFD181E5FD300E7FE58 /* InfoPlist.strings */; };
		624E6B01181E5FD300E7FE58 /* main.m in Sources */ = {isa = PBXBuildFile; fileRef = 624E6B00181E5FD300E7FE58 /* main.m */; };
		624E6B05181E5FD300E7FE58 /* AppDelegate.m in Sources */ = {isa = PBXBuildFile; fileRef = 624E6B04181E5FD300E7FE58 /* AppDelegate.m */; };
		624E6B08181E5FD300E7FE58 /* Main.storyboard in Resources */ = {isa = PBXBuildFile; fileRef = 624E6B06181E5FD300E7FE58 /* Main.storyboard */; };
		624E6B0B181E5FD300E7FE58 /* ViewController.m in Sources */ = {isa = PBXBuildFile; fileRef = 624E6B0A181E5FD300E7FE58 /* ViewController.m */; };
		624E6B0D181E5FD300E7FE58 /* Images.xcassets in Resources */ = {isa = PBXBuildFile; fileRef = 624E6B0C181E5FD300E7FE58 /* Images.xcassets */; };
		624E6B14181E5FD300E7FE58 /* XCTest.framework in Frameworks */ = {isa = PBXBuildFile; fileRef = 624E6B13181E5FD300E7FE58 /* XCTest.framework */; };
		624E6B15181E5FD300E7FE58 /* Foundation.framework in Frameworks */ = {isa = PBXBuildFile; fileRef = 624E6AF4181E5FD300E7FE58 /* Foundation.framework */; };
		624E6B16181E5FD300E7FE58 /* UIKit.framework in Frameworks */ = {isa = PBXBuildFile; fileRef = 624E6AF8181E5FD300E7FE58 /* UIKit.framework */; };
		624E6B1E181E5FD300E7FE58 /* InfoPlist.strings in Resources */ = {isa = PBXBuildFile; fileRef = 624E6B1C181E5FD300E7FE58 /* InfoPlist.strings */; };
		624E6B20181E5FD300E7FE58 /* PicassoTests.m in Sources */ = {isa = PBXBuildFile; fileRef = 624E6B1F181E5FD300E7FE58 /* PicassoTests.m */; };
		624E6B2A181E5FE000E7FE58 /* AVFoundation.framework in Frameworks */ = {isa = PBXBuildFile; fileRef = 624E6B29181E5FE000E7FE58 /* AVFoundation.framework */; };
		624E6B2C181E5FE900E7FE58 /* CoreMotion.framework in Frameworks */ = {isa = PBXBuildFile; fileRef = 624E6B2B181E5FE900E7FE58 /* CoreMotion.framework */; };
		624E6B41181E8C1200E7FE58 /* MotionVideoPlayer.m in Sources */ = {isa = PBXBuildFile; fileRef = 624E6B40181E8C1200E7FE58 /* MotionVideoPlayer.m */; };
		624E6B44181E949C00E7FE58 /* SceneManager.m in Sources */ = {isa = PBXBuildFile; fileRef = 624E6B43181E949C00E7FE58 /* SceneManager.m */; };
		624E6B47181E94B100E7FE58 /* Scene.m in Sources */ = {isa = PBXBuildFile; fileRef = 624E6B46181E94B100E7FE58 /* Scene.m */; };
		624E6B54181E9AC100E7FE58 /* data.json in Resources */ = {isa = PBXBuildFile; fileRef = 624E6B50181E9AC100E7FE58 /* data.json */; };
		624E6B59181E9EEE00E7FE58 /* DataManager.m in Sources */ = {isa = PBXBuildFile; fileRef = 624E6B58181E9EEE00E7FE58 /* DataManager.m */; };
		624E6B5D181EA2AB00E7FE58 /* WorkModel.m in Sources */ = {isa = PBXBuildFile; fileRef = 624E6B5C181EA2AB00E7FE58 /* WorkModel.m */; };
		624E6B60181EA2B700E7FE58 /* SceneModel.m in Sources */ = {isa = PBXBuildFile; fileRef = 624E6B5F181EA2B700E7FE58 /* SceneModel.m */; };
		62A2B28A18215DC700B4F0E4 /* logo.png in Resources */ = {isa = PBXBuildFile; fileRef = 62A2B28918215DC700B4F0E4 /* logo.png */; };
		62E9FA2C181FB56A0080A21D /* scene-2.mov in Resources */ = {isa = PBXBuildFile; fileRef = 62E9FA2B181FB56A0080A21D /* scene-2.mov */; };
		62E9FA35181FCBC20080A21D /* TrackerModel.m in Sources */ = {isa = PBXBuildFile; fileRef = 62E9FA34181FCBC20080A21D /* TrackerModel.m */; };
		62E9FA3A18201CD30080A21D /* SceneInterstitial.m in Sources */ = {isa = PBXBuildFile; fileRef = 62E9FA3918201CD30080A21D /* SceneInterstitial.m */; };
		B98CFC2B18204DE400BC6A09 /* 4.jpg in Resources */ = {isa = PBXBuildFile; fileRef = B98CFC2418204DE400BC6A09 /* 4.jpg */; };
		B98CFC2C18204DE400BC6A09 /* 5.jpg in Resources */ = {isa = PBXBuildFile; fileRef = B98CFC2518204DE400BC6A09 /* 5.jpg */; };
		B98CFC2D18204DE400BC6A09 /* 6.jpg in Resources */ = {isa = PBXBuildFile; fileRef = B98CFC2618204DE400BC6A09 /* 6.jpg */; };
		B98CFC2E18204DE400BC6A09 /* 7.jpg in Resources */ = {isa = PBXBuildFile; fileRef = B98CFC2718204DE400BC6A09 /* 7.jpg */; };
		B98CFC2F18204DE400BC6A09 /* 8.jpg in Resources */ = {isa = PBXBuildFile; fileRef = B98CFC2818204DE400BC6A09 /* 8.jpg */; };
		B98CFC3018204DE400BC6A09 /* 9.jpg in Resources */ = {isa = PBXBuildFile; fileRef = B98CFC2918204DE400BC6A09 /* 9.jpg */; };
		B98CFC3118204DE400BC6A09 /* 10.jpg in Resources */ = {isa = PBXBuildFile; fileRef = B98CFC2A18204DE400BC6A09 /* 10.jpg */; };
		B9FF5301181FBC7400DFCC39 /* 0.jpg in Resources */ = {isa = PBXBuildFile; fileRef = B9FF5300181FBC7400DFCC39 /* 0.jpg */; };
		B9FF5305181FBD9400DFCC39 /* WorkViewController.m in Sources */ = {isa = PBXBuildFile; fileRef = B9FF5304181FBD9400DFCC39 /* WorkViewController.m */; };
		B9FF5309181FE76400DFCC39 /* 1.jpg in Resources */ = {isa = PBXBuildFile; fileRef = B9FF5306181FE76400DFCC39 /* 1.jpg */; };
		B9FF530A181FE76400DFCC39 /* 2.jpg in Resources */ = {isa = PBXBuildFile; fileRef = B9FF5307181FE76400DFCC39 /* 2.jpg */; };
		B9FF530B181FE76400DFCC39 /* 3.jpg in Resources */ = {isa = PBXBuildFile; fileRef = B9FF5308181FE76400DFCC39 /* 3.jpg */; };
		B9FF5312181FF58500DFCC39 /* GalleryViewController.m in Sources */ = {isa = PBXBuildFile; fileRef = B9FF5311181FF58500DFCC39 /* GalleryViewController.m */; };
		CE488872181EFE91001D9A09 /* Timeline.m in Sources */ = {isa = PBXBuildFile; fileRef = CE488871181EFE91001D9A09 /* Timeline.m */; };
		CE488874181EFFA5001D9A09 /* timeline-button.png in Resources */ = {isa = PBXBuildFile; fileRef = CE488873181EFFA5001D9A09 /* timeline-button.png */; };
		CE86045918283BAB0019657F /* Home.m in Sources */ = {isa = PBXBuildFile; fileRef = CE86045818283BAB0019657F /* Home.m */; };
		CE86045D18283E520019657F /* About.m in Sources */ = {isa = PBXBuildFile; fileRef = CE86045C18283E520019657F /* About.m */; };
		CEB7A07118284CB100A1F6E8 /* GameModel.m in Sources */ = {isa = PBXBuildFile; fileRef = CEB7A07018284CB100A1F6E8 /* GameModel.m */; };
		CEF64D56182ACA4200FE9C39 /* scene-1.mp4 in Resources */ = {isa = PBXBuildFile; fileRef = CEF64D54182ACA4200FE9C39 /* scene-1.mp4 */; };
		CEF64D57182ACA4200FE9C39 /* menu.mp4 in Resources */ = {isa = PBXBuildFile; fileRef = CEF64D55182ACA4200FE9C39 /* menu.mp4 */; };
/* End PBXBuildFile section */

/* Begin PBXContainerItemProxy section */
		624E6B17181E5FD300E7FE58 /* PBXContainerItemProxy */ = {
			isa = PBXContainerItemProxy;
			containerPortal = 624E6AE9181E5FD300E7FE58 /* Project object */;
			proxyType = 1;
			remoteGlobalIDString = 624E6AF0181E5FD300E7FE58;
			remoteInfo = Picasso;
		};
/* End PBXContainerItemProxy section */

/* Begin PBXFileReference section */
		6248626418225E7C00F5927A /* SceneChooser.h */ = {isa = PBXFileReference; fileEncoding = 4; lastKnownFileType = sourcecode.c.h; name = SceneChooser.h; path = Modules/SceneManager/SceneChooser.h; sourceTree = "<group>"; };
		6248626518225E7C00F5927A /* SceneChooser.m */ = {isa = PBXFileReference; fileEncoding = 4; lastKnownFileType = sourcecode.c.objc; name = SceneChooser.m; path = Modules/SceneManager/SceneChooser.m; sourceTree = "<group>"; };
		624B97861821174E0087C576 /* SlidingButtonDelegate.h */ = {isa = PBXFileReference; lastKnownFileType = sourcecode.c.h; name = SlidingButtonDelegate.h; path = Modules/SceneManager/SlidingButtonDelegate.h; sourceTree = "<group>"; };
		624B978918211AC50087C576 /* SceneSlider.h */ = {isa = PBXFileReference; fileEncoding = 4; lastKnownFileType = sourcecode.c.h; name = SceneSlider.h; path = Modules/SceneManager/SceneSlider.h; sourceTree = "<group>"; };
		624B978A18211AC50087C576 /* SceneSlider.m */ = {isa = PBXFileReference; fileEncoding = 4; lastKnownFileType = sourcecode.c.objc; name = SceneSlider.m; path = Modules/SceneManager/SceneSlider.m; sourceTree = "<group>"; };
		624B978D182120580087C576 /* OrientationUtils.h */ = {isa = PBXFileReference; fileEncoding = 4; lastKnownFileType = sourcecode.c.h; name = OrientationUtils.h; path = Modules/Utils/OrientationUtils.h; sourceTree = "<group>"; };
		624B978E182120580087C576 /* OrientationUtils.m */ = {isa = PBXFileReference; fileEncoding = 4; lastKnownFileType = sourcecode.c.objc; name = OrientationUtils.m; path = Modules/Utils/OrientationUtils.m; sourceTree = "<group>"; };
		624B97901821534A0087C576 /* Menu.h */ = {isa = PBXFileReference; fileEncoding = 4; lastKnownFileType = sourcecode.c.h; name = Menu.h; path = Modules/UI/Menu/Menu.h; sourceTree = "<group>"; };
		624B97911821534A0087C576 /* Menu.m */ = {isa = PBXFileReference; fileEncoding = 4; lastKnownFileType = sourcecode.c.objc; name = Menu.m; path = Modules/UI/Menu/Menu.m; sourceTree = "<group>"; };
		624B9797182158A20087C576 /* tracker-button.png */ = {isa = PBXFileReference; lastKnownFileType = image.png; name = "tracker-button.png"; path = "Data/UI/tracker-button.png"; sourceTree = "<group>"; };
		624E6AF1181E5FD300E7FE58 /* Picasso.app */ = {isa = PBXFileReference; explicitFileType = wrapper.application; includeInIndex = 0; path = Picasso.app; sourceTree = BUILT_PRODUCTS_DIR; };
		624E6AF4181E5FD300E7FE58 /* Foundation.framework */ = {isa = PBXFileReference; lastKnownFileType = wrapper.framework; name = Foundation.framework; path = System/Library/Frameworks/Foundation.framework; sourceTree = SDKROOT; };
		624E6AF6181E5FD300E7FE58 /* CoreGraphics.framework */ = {isa = PBXFileReference; lastKnownFileType = wrapper.framework; name = CoreGraphics.framework; path = System/Library/Frameworks/CoreGraphics.framework; sourceTree = SDKROOT; };
		624E6AF8181E5FD300E7FE58 /* UIKit.framework */ = {isa = PBXFileReference; lastKnownFileType = wrapper.framework; name = UIKit.framework; path = System/Library/Frameworks/UIKit.framework; sourceTree = SDKROOT; };
		624E6AFC181E5FD300E7FE58 /* Picasso-Info.plist */ = {isa = PBXFileReference; lastKnownFileType = text.plist.xml; path = "Picasso-Info.plist"; sourceTree = "<group>"; };
		624E6AFE181E5FD300E7FE58 /* en */ = {isa = PBXFileReference; lastKnownFileType = text.plist.strings; name = en; path = en.lproj/InfoPlist.strings; sourceTree = "<group>"; };
		624E6B00181E5FD300E7FE58 /* main.m */ = {isa = PBXFileReference; lastKnownFileType = sourcecode.c.objc; path = main.m; sourceTree = "<group>"; };
		624E6B02181E5FD300E7FE58 /* Picasso-Prefix.pch */ = {isa = PBXFileReference; lastKnownFileType = sourcecode.c.h; path = "Picasso-Prefix.pch"; sourceTree = "<group>"; };
		624E6B03181E5FD300E7FE58 /* AppDelegate.h */ = {isa = PBXFileReference; lastKnownFileType = sourcecode.c.h; path = AppDelegate.h; sourceTree = "<group>"; };
		624E6B04181E5FD300E7FE58 /* AppDelegate.m */ = {isa = PBXFileReference; lastKnownFileType = sourcecode.c.objc; path = AppDelegate.m; sourceTree = "<group>"; };
		624E6B07181E5FD300E7FE58 /* Base */ = {isa = PBXFileReference; lastKnownFileType = file.storyboard; name = Base; path = Base.lproj/Main.storyboard; sourceTree = "<group>"; };
		624E6B09181E5FD300E7FE58 /* ViewController.h */ = {isa = PBXFileReference; lastKnownFileType = sourcecode.c.h; path = ViewController.h; sourceTree = "<group>"; };
		624E6B0A181E5FD300E7FE58 /* ViewController.m */ = {isa = PBXFileReference; lastKnownFileType = sourcecode.c.objc; path = ViewController.m; sourceTree = "<group>"; };
		624E6B0C181E5FD300E7FE58 /* Images.xcassets */ = {isa = PBXFileReference; lastKnownFileType = folder.assetcatalog; path = Images.xcassets; sourceTree = "<group>"; };
		624E6B12181E5FD300E7FE58 /* PicassoTests.xctest */ = {isa = PBXFileReference; explicitFileType = wrapper.cfbundle; includeInIndex = 0; path = PicassoTests.xctest; sourceTree = BUILT_PRODUCTS_DIR; };
		624E6B13181E5FD300E7FE58 /* XCTest.framework */ = {isa = PBXFileReference; lastKnownFileType = wrapper.framework; name = XCTest.framework; path = Library/Frameworks/XCTest.framework; sourceTree = DEVELOPER_DIR; };
		624E6B1B181E5FD300E7FE58 /* PicassoTests-Info.plist */ = {isa = PBXFileReference; lastKnownFileType = text.plist.xml; path = "PicassoTests-Info.plist"; sourceTree = "<group>"; };
		624E6B1D181E5FD300E7FE58 /* en */ = {isa = PBXFileReference; lastKnownFileType = text.plist.strings; name = en; path = en.lproj/InfoPlist.strings; sourceTree = "<group>"; };
		624E6B1F181E5FD300E7FE58 /* PicassoTests.m */ = {isa = PBXFileReference; lastKnownFileType = sourcecode.c.objc; path = PicassoTests.m; sourceTree = "<group>"; };
		624E6B29181E5FE000E7FE58 /* AVFoundation.framework */ = {isa = PBXFileReference; lastKnownFileType = wrapper.framework; name = AVFoundation.framework; path = System/Library/Frameworks/AVFoundation.framework; sourceTree = SDKROOT; };
		624E6B2B181E5FE900E7FE58 /* CoreMotion.framework */ = {isa = PBXFileReference; lastKnownFileType = wrapper.framework; name = CoreMotion.framework; path = System/Library/Frameworks/CoreMotion.framework; sourceTree = SDKROOT; };
		624E6B3F181E8C1200E7FE58 /* MotionVideoPlayer.h */ = {isa = PBXFileReference; fileEncoding = 4; lastKnownFileType = sourcecode.c.h; name = MotionVideoPlayer.h; path = Modules/VideoPlayer/MotionVideoPlayer.h; sourceTree = "<group>"; };
		624E6B40181E8C1200E7FE58 /* MotionVideoPlayer.m */ = {isa = PBXFileReference; fileEncoding = 4; lastKnownFileType = sourcecode.c.objc; name = MotionVideoPlayer.m; path = Modules/VideoPlayer/MotionVideoPlayer.m; sourceTree = "<group>"; };
		624E6B42181E949C00E7FE58 /* SceneManager.h */ = {isa = PBXFileReference; fileEncoding = 4; lastKnownFileType = sourcecode.c.h; name = SceneManager.h; path = Modules/SceneManager/SceneManager.h; sourceTree = "<group>"; };
		624E6B43181E949C00E7FE58 /* SceneManager.m */ = {isa = PBXFileReference; fileEncoding = 4; lastKnownFileType = sourcecode.c.objc; name = SceneManager.m; path = Modules/SceneManager/SceneManager.m; sourceTree = "<group>"; };
		624E6B45181E94B100E7FE58 /* Scene.h */ = {isa = PBXFileReference; fileEncoding = 4; lastKnownFileType = sourcecode.c.h; name = Scene.h; path = Modules/SceneManager/Scene.h; sourceTree = "<group>"; };
		624E6B46181E94B100E7FE58 /* Scene.m */ = {isa = PBXFileReference; fileEncoding = 4; lastKnownFileType = sourcecode.c.objc; name = Scene.m; path = Modules/SceneManager/Scene.m; sourceTree = "<group>"; };
		624E6B50181E9AC100E7FE58 /* data.json */ = {isa = PBXFileReference; fileEncoding = 4; lastKnownFileType = text.json; name = data.json; path = Data/data.json; sourceTree = "<group>"; };
		624E6B57181E9EEE00E7FE58 /* DataManager.h */ = {isa = PBXFileReference; fileEncoding = 4; lastKnownFileType = sourcecode.c.h; name = DataManager.h; path = Modules/DataManager/DataManager.h; sourceTree = "<group>"; };
		624E6B58181E9EEE00E7FE58 /* DataManager.m */ = {isa = PBXFileReference; fileEncoding = 4; lastKnownFileType = sourcecode.c.objc; name = DataManager.m; path = Modules/DataManager/DataManager.m; sourceTree = "<group>"; };
		624E6B5B181EA2AB00E7FE58 /* WorkModel.h */ = {isa = PBXFileReference; fileEncoding = 4; lastKnownFileType = sourcecode.c.h; name = WorkModel.h; path = Models/WorkModel.h; sourceTree = "<group>"; };
		624E6B5C181EA2AB00E7FE58 /* WorkModel.m */ = {isa = PBXFileReference; fileEncoding = 4; lastKnownFileType = sourcecode.c.objc; name = WorkModel.m; path = Models/WorkModel.m; sourceTree = "<group>"; };
		624E6B5E181EA2B700E7FE58 /* SceneModel.h */ = {isa = PBXFileReference; fileEncoding = 4; lastKnownFileType = sourcecode.c.h; name = SceneModel.h; path = Models/SceneModel.h; sourceTree = "<group>"; };
		624E6B5F181EA2B700E7FE58 /* SceneModel.m */ = {isa = PBXFileReference; fileEncoding = 4; lastKnownFileType = sourcecode.c.objc; name = SceneModel.m; path = Models/SceneModel.m; sourceTree = "<group>"; };
		624E6B61181EBD1700E7FE58 /* SceneManagerDelegate.h */ = {isa = PBXFileReference; lastKnownFileType = sourcecode.c.h; name = SceneManagerDelegate.h; path = Modules/SceneManager/SceneManagerDelegate.h; sourceTree = "<group>"; };
		62A2B28918215DC700B4F0E4 /* logo.png */ = {isa = PBXFileReference; lastKnownFileType = image.png; name = logo.png; path = Data/UI/logo.png; sourceTree = "<group>"; };
		62E9FA2B181FB56A0080A21D /* scene-2.mov */ = {isa = PBXFileReference; lastKnownFileType = video.quicktime; path = "scene-2.mov"; sourceTree = "<group>"; };
		62E9FA33181FCBC20080A21D /* TrackerModel.h */ = {isa = PBXFileReference; fileEncoding = 4; lastKnownFileType = sourcecode.c.h; name = TrackerModel.h; path = Models/TrackerModel.h; sourceTree = "<group>"; };
		62E9FA34181FCBC20080A21D /* TrackerModel.m */ = {isa = PBXFileReference; fileEncoding = 4; lastKnownFileType = sourcecode.c.objc; name = TrackerModel.m; path = Models/TrackerModel.m; sourceTree = "<group>"; };
		62E9FA3818201CD30080A21D /* SceneInterstitial.h */ = {isa = PBXFileReference; fileEncoding = 4; lastKnownFileType = sourcecode.c.h; name = SceneInterstitial.h; path = Modules/SceneManager/SceneInterstitial.h; sourceTree = "<group>"; };
		62E9FA3918201CD30080A21D /* SceneInterstitial.m */ = {isa = PBXFileReference; fileEncoding = 4; lastKnownFileType = sourcecode.c.objc; name = SceneInterstitial.m; path = Modules/SceneManager/SceneInterstitial.m; sourceTree = "<group>"; };
		B98CFC2418204DE400BC6A09 /* 4.jpg */ = {isa = PBXFileReference; lastKnownFileType = image.jpeg; name = 4.jpg; path = Picasso/Data/4.jpg; sourceTree = SOURCE_ROOT; };
		B98CFC2518204DE400BC6A09 /* 5.jpg */ = {isa = PBXFileReference; lastKnownFileType = image.jpeg; name = 5.jpg; path = Picasso/Data/5.jpg; sourceTree = SOURCE_ROOT; };
		B98CFC2618204DE400BC6A09 /* 6.jpg */ = {isa = PBXFileReference; lastKnownFileType = image.jpeg; name = 6.jpg; path = Picasso/Data/6.jpg; sourceTree = SOURCE_ROOT; };
		B98CFC2718204DE400BC6A09 /* 7.jpg */ = {isa = PBXFileReference; lastKnownFileType = image.jpeg; name = 7.jpg; path = Picasso/Data/7.jpg; sourceTree = SOURCE_ROOT; };
		B98CFC2818204DE400BC6A09 /* 8.jpg */ = {isa = PBXFileReference; lastKnownFileType = image.jpeg; name = 8.jpg; path = Picasso/Data/8.jpg; sourceTree = SOURCE_ROOT; };
		B98CFC2918204DE400BC6A09 /* 9.jpg */ = {isa = PBXFileReference; lastKnownFileType = image.jpeg; name = 9.jpg; path = Picasso/Data/9.jpg; sourceTree = SOURCE_ROOT; };
		B98CFC2A18204DE400BC6A09 /* 10.jpg */ = {isa = PBXFileReference; lastKnownFileType = image.jpeg; name = 10.jpg; path = Picasso/Data/10.jpg; sourceTree = SOURCE_ROOT; };
		B9FF5300181FBC7400DFCC39 /* 0.jpg */ = {isa = PBXFileReference; lastKnownFileType = image.jpeg; name = 0.jpg; path = Picasso/Data/0.jpg; sourceTree = SOURCE_ROOT; };
		B9FF5303181FBD9400DFCC39 /* WorkViewController.h */ = {isa = PBXFileReference; fileEncoding = 4; lastKnownFileType = sourcecode.c.h; path = WorkViewController.h; sourceTree = "<group>"; };
		B9FF5304181FBD9400DFCC39 /* WorkViewController.m */ = {isa = PBXFileReference; fileEncoding = 4; lastKnownFileType = sourcecode.c.objc; path = WorkViewController.m; sourceTree = "<group>"; };
		B9FF5306181FE76400DFCC39 /* 1.jpg */ = {isa = PBXFileReference; lastKnownFileType = image.jpeg; name = 1.jpg; path = Picasso/Data/1.jpg; sourceTree = SOURCE_ROOT; };
		B9FF5307181FE76400DFCC39 /* 2.jpg */ = {isa = PBXFileReference; lastKnownFileType = image.jpeg; name = 2.jpg; path = Picasso/Data/2.jpg; sourceTree = SOURCE_ROOT; };
		B9FF5308181FE76400DFCC39 /* 3.jpg */ = {isa = PBXFileReference; lastKnownFileType = image.jpeg; name = 3.jpg; path = Picasso/Data/3.jpg; sourceTree = SOURCE_ROOT; };
		B9FF5310181FF58500DFCC39 /* GalleryViewController.h */ = {isa = PBXFileReference; fileEncoding = 4; lastKnownFileType = sourcecode.c.h; path = GalleryViewController.h; sourceTree = "<group>"; };
		B9FF5311181FF58500DFCC39 /* GalleryViewController.m */ = {isa = PBXFileReference; fileEncoding = 4; lastKnownFileType = sourcecode.c.objc; path = GalleryViewController.m; sourceTree = "<group>"; };
		CE488870181EFE91001D9A09 /* Timeline.h */ = {isa = PBXFileReference; fileEncoding = 4; lastKnownFileType = sourcecode.c.h; name = Timeline.h; path = Modules/UI/Timeline/Timeline.h; sourceTree = "<group>"; };
		CE488871181EFE91001D9A09 /* Timeline.m */ = {isa = PBXFileReference; fileEncoding = 4; lastKnownFileType = sourcecode.c.objc; name = Timeline.m; path = Modules/UI/Timeline/Timeline.m; sourceTree = "<group>"; };
		CE488873181EFFA5001D9A09 /* timeline-button.png */ = {isa = PBXFileReference; lastKnownFileType = image.png; name = "timeline-button.png"; path = "Data/UI/timeline-button.png"; sourceTree = "<group>"; };
		CE86045718283BAB0019657F /* Home.h */ = {isa = PBXFileReference; fileEncoding = 4; lastKnownFileType = sourcecode.c.h; name = Home.h; path = Modules/Home/Home.h; sourceTree = "<group>"; };
		CE86045818283BAB0019657F /* Home.m */ = {isa = PBXFileReference; fileEncoding = 4; lastKnownFileType = sourcecode.c.objc; name = Home.m; path = Modules/Home/Home.m; sourceTree = "<group>"; };
		CE86045B18283E520019657F /* About.h */ = {isa = PBXFileReference; fileEncoding = 4; lastKnownFileType = sourcecode.c.h; name = About.h; path = Modules/About/About.h; sourceTree = "<group>"; };
		CE86045C18283E520019657F /* About.m */ = {isa = PBXFileReference; fileEncoding = 4; lastKnownFileType = sourcecode.c.objc; name = About.m; path = Modules/About/About.m; sourceTree = "<group>"; };
		CEB7A06F18284CB100A1F6E8 /* GameModel.h */ = {isa = PBXFileReference; fileEncoding = 4; lastKnownFileType = sourcecode.c.h; name = GameModel.h; path = Models/GameModel.h; sourceTree = "<group>"; };
		CEB7A07018284CB100A1F6E8 /* GameModel.m */ = {isa = PBXFileReference; fileEncoding = 4; lastKnownFileType = sourcecode.c.objc; name = GameModel.m; path = Models/GameModel.m; sourceTree = "<group>"; };
		CEF64D54182ACA4200FE9C39 /* scene-1.mp4 */ = {isa = PBXFileReference; lastKnownFileType = file; path = "scene-1.mp4"; sourceTree = "<group>"; };
		CEF64D55182ACA4200FE9C39 /* menu.mp4 */ = {isa = PBXFileReference; lastKnownFileType = file; path = menu.mp4; sourceTree = "<group>"; };
/* End PBXFileReference section */

/* Begin PBXFrameworksBuildPhase section */
		624E6AEE181E5FD300E7FE58 /* Frameworks */ = {
			isa = PBXFrameworksBuildPhase;
			buildActionMask = 2147483647;
			files = (
				624E6B2C181E5FE900E7FE58 /* CoreMotion.framework in Frameworks */,
				624E6B2A181E5FE000E7FE58 /* AVFoundation.framework in Frameworks */,
				624E6AF7181E5FD300E7FE58 /* CoreGraphics.framework in Frameworks */,
				624E6AF9181E5FD300E7FE58 /* UIKit.framework in Frameworks */,
				624E6AF5181E5FD300E7FE58 /* Foundation.framework in Frameworks */,
			);
			runOnlyForDeploymentPostprocessing = 0;
		};
		624E6B0F181E5FD300E7FE58 /* Frameworks */ = {
			isa = PBXFrameworksBuildPhase;
			buildActionMask = 2147483647;
			files = (
				624E6B14181E5FD300E7FE58 /* XCTest.framework in Frameworks */,
				624E6B16181E5FD300E7FE58 /* UIKit.framework in Frameworks */,
				624E6B15181E5FD300E7FE58 /* Foundation.framework in Frameworks */,
			);
			runOnlyForDeploymentPostprocessing = 0;
		};
/* End PBXFrameworksBuildPhase section */

/* Begin PBXGroup section */
		624B9787182117910087C576 /* Delegates */ = {
			isa = PBXGroup;
			children = (
				624E6B61181EBD1700E7FE58 /* SceneManagerDelegate.h */,
				624B97861821174E0087C576 /* SlidingButtonDelegate.h */,
			);
			name = Delegates;
			sourceTree = "<group>";
		};
		624B978818211AA30087C576 /* Scene */ = {
			isa = PBXGroup;
			children = (
				624E6B45181E94B100E7FE58 /* Scene.h */,
				624E6B46181E94B100E7FE58 /* Scene.m */,
				62E9FA3818201CD30080A21D /* SceneInterstitial.h */,
				62E9FA3918201CD30080A21D /* SceneInterstitial.m */,
				624B978918211AC50087C576 /* SceneSlider.h */,
				624B978A18211AC50087C576 /* SceneSlider.m */,
			);
			name = Scene;
			sourceTree = "<group>";
		};
		624B978C182120420087C576 /* Utils */ = {
			isa = PBXGroup;
			children = (
				624B978D182120580087C576 /* OrientationUtils.h */,
				624B978E182120580087C576 /* OrientationUtils.m */,
			);
			name = Utils;
			sourceTree = "<group>";
		};
		624E6AE8181E5FD300E7FE58 = {
			isa = PBXGroup;
			children = (
				624E6AFA181E5FD300E7FE58 /* Picasso */,
				624E6B19181E5FD300E7FE58 /* PicassoTests */,
				624E6AF3181E5FD300E7FE58 /* Frameworks */,
				624E6AF2181E5FD300E7FE58 /* Products */,
			);
			sourceTree = "<group>";
		};
		624E6AF2181E5FD300E7FE58 /* Products */ = {
			isa = PBXGroup;
			children = (
				624E6AF1181E5FD300E7FE58 /* Picasso.app */,
				624E6B12181E5FD300E7FE58 /* PicassoTests.xctest */,
			);
			name = Products;
			sourceTree = "<group>";
		};
		624E6AF3181E5FD300E7FE58 /* Frameworks */ = {
			isa = PBXGroup;
			children = (
				624E6B2B181E5FE900E7FE58 /* CoreMotion.framework */,
				624E6B29181E5FE000E7FE58 /* AVFoundation.framework */,
				624E6AF4181E5FD300E7FE58 /* Foundation.framework */,
				624E6AF6181E5FD300E7FE58 /* CoreGraphics.framework */,
				624E6AF8181E5FD300E7FE58 /* UIKit.framework */,
				624E6B13181E5FD300E7FE58 /* XCTest.framework */,
			);
			name = Frameworks;
			sourceTree = "<group>";
		};
		624E6AFA181E5FD300E7FE58 /* Picasso */ = {
			isa = PBXGroup;
			children = (
				624E6B5A181E9F4C00E7FE58 /* Models */,
				624E6B4F181E9AB100E7FE58 /* Data */,
				624E6B56181E9ECF00E7FE58 /* DataManager */,
				624E6B2D181E6FAC00E7FE58 /* Modules */,
				624E6B03181E5FD300E7FE58 /* AppDelegate.h */,
				624E6B04181E5FD300E7FE58 /* AppDelegate.m */,
				624E6B09181E5FD300E7FE58 /* ViewController.h */,
				624E6B0A181E5FD300E7FE58 /* ViewController.m */,
				624E6B06181E5FD300E7FE58 /* Main.storyboard */,
				624E6B0C181E5FD300E7FE58 /* Images.xcassets */,
				624E6AFB181E5FD300E7FE58 /* Supporting Files */,
			);
			path = Picasso;
			sourceTree = "<group>";
		};
		624E6AFB181E5FD300E7FE58 /* Supporting Files */ = {
			isa = PBXGroup;
			children = (
				624E6AFC181E5FD300E7FE58 /* Picasso-Info.plist */,
				624E6AFD181E5FD300E7FE58 /* InfoPlist.strings */,
				624E6B00181E5FD300E7FE58 /* main.m */,
				624E6B02181E5FD300E7FE58 /* Picasso-Prefix.pch */,
			);
			name = "Supporting Files";
			sourceTree = "<group>";
		};
		624E6B19181E5FD300E7FE58 /* PicassoTests */ = {
			isa = PBXGroup;
			children = (
				624E6B1F181E5FD300E7FE58 /* PicassoTests.m */,
				624E6B1A181E5FD300E7FE58 /* Supporting Files */,
			);
			path = PicassoTests;
			sourceTree = "<group>";
		};
		624E6B1A181E5FD300E7FE58 /* Supporting Files */ = {
			isa = PBXGroup;
			children = (
				624E6B1B181E5FD300E7FE58 /* PicassoTests-Info.plist */,
				624E6B1C181E5FD300E7FE58 /* InfoPlist.strings */,
			);
			name = "Supporting Files";
			sourceTree = "<group>";
		};
		624E6B2D181E6FAC00E7FE58 /* Modules */ = {
			isa = PBXGroup;
			children = (
				CE86045A18283BB00019657F /* Home */,
				B9FF530C181FF48300DFCC39 /* GalleryView */,
				B9FF5302181FBD3A00DFCC39 /* WorkView */,
				CE86045E18283E560019657F /* AboutMuseum */,
				624B978C182120420087C576 /* Utils */,
				624E6B62181ECD5300E7FE58 /* UI */,
			);
			name = Modules;
			sourceTree = "<group>";
		};
		624E6B31181E733800E7FE58 /* SceneManager */ = {
			isa = PBXGroup;
			children = (
				624E6B42181E949C00E7FE58 /* SceneManager.h */,
				624E6B43181E949C00E7FE58 /* SceneManager.m */,
				6248626418225E7C00F5927A /* SceneChooser.h */,
				6248626518225E7C00F5927A /* SceneChooser.m */,
				624B978818211AA30087C576 /* Scene */,
				624B9787182117910087C576 /* Delegates */,
			);
			name = SceneManager;
			sourceTree = "<group>";
		};
		624E6B38181E777800E7FE58 /* VideoPlayer */ = {
			isa = PBXGroup;
			children = (
				624E6B3F181E8C1200E7FE58 /* MotionVideoPlayer.h */,
				624E6B40181E8C1200E7FE58 /* MotionVideoPlayer.m */,
			);
			name = VideoPlayer;
			sourceTree = "<group>";
		};
		624E6B4F181E9AB100E7FE58 /* Data */ = {
			isa = PBXGroup;
			children = (
				CE488875181EFFA9001D9A09 /* UI */,
				624E6B50181E9AC100E7FE58 /* data.json */,
				624E6B51181E9AC100E7FE58 /* Scenes */,
				624E6B53181E9AC100E7FE58 /* Works */,
			);
			name = Data;
			sourceTree = "<group>";
		};
		624E6B51181E9AC100E7FE58 /* Scenes */ = {
			isa = PBXGroup;
			children = (
				CEF64D54182ACA4200FE9C39 /* scene-1.mp4 */,
				CEF64D55182ACA4200FE9C39 /* menu.mp4 */,
				62E9FA2B181FB56A0080A21D /* scene-2.mov */,
			);
			name = Scenes;
			path = Data/Scenes;
			sourceTree = "<group>";
		};
		624E6B53181E9AC100E7FE58 /* Works */ = {
			isa = PBXGroup;
			children = (
				B98CFC2418204DE400BC6A09 /* 4.jpg */,
				B98CFC2518204DE400BC6A09 /* 5.jpg */,
				B98CFC2618204DE400BC6A09 /* 6.jpg */,
				B98CFC2718204DE400BC6A09 /* 7.jpg */,
				B98CFC2818204DE400BC6A09 /* 8.jpg */,
				B98CFC2918204DE400BC6A09 /* 9.jpg */,
				B98CFC2A18204DE400BC6A09 /* 10.jpg */,
				B9FF5306181FE76400DFCC39 /* 1.jpg */,
				B9FF5307181FE76400DFCC39 /* 2.jpg */,
				B9FF5308181FE76400DFCC39 /* 3.jpg */,
				B9FF5300181FBC7400DFCC39 /* 0.jpg */,
			);
			name = Works;
			path = Data/Works;
			sourceTree = "<group>";
		};
		624E6B56181E9ECF00E7FE58 /* DataManager */ = {
			isa = PBXGroup;
			children = (
				624E6B57181E9EEE00E7FE58 /* DataManager.h */,
				624E6B58181E9EEE00E7FE58 /* DataManager.m */,
			);
			name = DataManager;
			sourceTree = "<group>";
		};
		624E6B5A181E9F4C00E7FE58 /* Models */ = {
			isa = PBXGroup;
			children = (
				624E6B5B181EA2AB00E7FE58 /* WorkModel.h */,
				624E6B5C181EA2AB00E7FE58 /* WorkModel.m */,
				624E6B5E181EA2B700E7FE58 /* SceneModel.h */,
				624E6B5F181EA2B700E7FE58 /* SceneModel.m */,
				62E9FA33181FCBC20080A21D /* TrackerModel.h */,
				62E9FA34181FCBC20080A21D /* TrackerModel.m */,
				CEB7A06F18284CB100A1F6E8 /* GameModel.h */,
				CEB7A07018284CB100A1F6E8 /* GameModel.m */,
			);
			name = Models;
			sourceTree = "<group>";
		};
		624E6B62181ECD5300E7FE58 /* UI */ = {
			isa = PBXGroup;
			children = (
				624E6B64181ECDF900E7FE58 /* Timeline */,
				624E6B63181ECD5700E7FE58 /* Menu */,
			);
			name = UI;
			sourceTree = "<group>";
		};
		624E6B63181ECD5700E7FE58 /* Menu */ = {
			isa = PBXGroup;
			children = (
				624B97901821534A0087C576 /* Menu.h */,
				624B97911821534A0087C576 /* Menu.m */,
			);
			name = Menu;
			sourceTree = "<group>";
		};
		624E6B64181ECDF900E7FE58 /* Timeline */ = {
			isa = PBXGroup;
			children = (
				CE488870181EFE91001D9A09 /* Timeline.h */,
				CE488871181EFE91001D9A09 /* Timeline.m */,
			);
			name = Timeline;
			sourceTree = "<group>";
		};
		B9FF5302181FBD3A00DFCC39 /* WorkView */ = {
			isa = PBXGroup;
			children = (
				B9FF5303181FBD9400DFCC39 /* WorkViewController.h */,
				B9FF5304181FBD9400DFCC39 /* WorkViewController.m */,
			);
			name = WorkView;
			sourceTree = "<group>";
		};
		B9FF530C181FF48300DFCC39 /* GalleryView */ = {
			isa = PBXGroup;
			children = (
				B9FF5310181FF58500DFCC39 /* GalleryViewController.h */,
				B9FF5311181FF58500DFCC39 /* GalleryViewController.m */,
			);
			name = GalleryView;
			sourceTree = "<group>";
		};
		CE488875181EFFA9001D9A09 /* UI */ = {
			isa = PBXGroup;
			children = (
				62A2B28918215DC700B4F0E4 /* logo.png */,
				624B9797182158A20087C576 /* tracker-button.png */,
				CE488873181EFFA5001D9A09 /* timeline-button.png */,
			);
			name = UI;
			sourceTree = "<group>";
		};
		CE86045A18283BB00019657F /* Home */ = {
			isa = PBXGroup;
			children = (
				CE86045718283BAB0019657F /* Home.h */,
				CE86045818283BAB0019657F /* Home.m */,
				624E6B31181E733800E7FE58 /* SceneManager */,
				624E6B38181E777800E7FE58 /* VideoPlayer */,
			);
			name = Home;
			sourceTree = "<group>";
		};
		CE86045E18283E560019657F /* AboutMuseum */ = {
			isa = PBXGroup;
			children = (
				CE86045B18283E520019657F /* About.h */,
				CE86045C18283E520019657F /* About.m */,
			);
			name = AboutMuseum;
			sourceTree = "<group>";
		};
/* End PBXGroup section */

/* Begin PBXNativeTarget section */
		624E6AF0181E5FD300E7FE58 /* Picasso */ = {
			isa = PBXNativeTarget;
			buildConfigurationList = 624E6B23181E5FD300E7FE58 /* Build configuration list for PBXNativeTarget "Picasso" */;
			buildPhases = (
				624E6AED181E5FD300E7FE58 /* Sources */,
				624E6AEE181E5FD300E7FE58 /* Frameworks */,
				624E6AEF181E5FD300E7FE58 /* Resources */,
			);
			buildRules = (
			);
			dependencies = (
			);
			name = Picasso;
			productName = Picasso;
			productReference = 624E6AF1181E5FD300E7FE58 /* Picasso.app */;
			productType = "com.apple.product-type.application";
		};
		624E6B11181E5FD300E7FE58 /* PicassoTests */ = {
			isa = PBXNativeTarget;
			buildConfigurationList = 624E6B26181E5FD300E7FE58 /* Build configuration list for PBXNativeTarget "PicassoTests" */;
			buildPhases = (
				624E6B0E181E5FD300E7FE58 /* Sources */,
				624E6B0F181E5FD300E7FE58 /* Frameworks */,
				624E6B10181E5FD300E7FE58 /* Resources */,
			);
			buildRules = (
			);
			dependencies = (
				624E6B18181E5FD300E7FE58 /* PBXTargetDependency */,
			);
			name = PicassoTests;
			productName = PicassoTests;
			productReference = 624E6B12181E5FD300E7FE58 /* PicassoTests.xctest */;
			productType = "com.apple.product-type.bundle.unit-test";
		};
/* End PBXNativeTarget section */

/* Begin PBXProject section */
		624E6AE9181E5FD300E7FE58 /* Project object */ = {
			isa = PBXProject;
			attributes = {
				LastUpgradeCheck = 0500;
				ORGANIZATIONNAME = PowerRangers;
				TargetAttributes = {
					624E6B11181E5FD300E7FE58 = {
						TestTargetID = 624E6AF0181E5FD300E7FE58;
					};
				};
			};
			buildConfigurationList = 624E6AEC181E5FD300E7FE58 /* Build configuration list for PBXProject "Picasso" */;
			compatibilityVersion = "Xcode 3.2";
			developmentRegion = English;
			hasScannedForEncodings = 0;
			knownRegions = (
				en,
				Base,
			);
			mainGroup = 624E6AE8181E5FD300E7FE58;
			productRefGroup = 624E6AF2181E5FD300E7FE58 /* Products */;
			projectDirPath = "";
			projectRoot = "";
			targets = (
				624E6AF0181E5FD300E7FE58 /* Picasso */,
				624E6B11181E5FD300E7FE58 /* PicassoTests */,
			);
		};
/* End PBXProject section */

/* Begin PBXResourcesBuildPhase section */
		624E6AEF181E5FD300E7FE58 /* Resources */ = {
			isa = PBXResourcesBuildPhase;
			buildActionMask = 2147483647;
			files = (
				B98CFC2D18204DE400BC6A09 /* 6.jpg in Resources */,
				B98CFC2B18204DE400BC6A09 /* 4.jpg in Resources */,
				B9FF530B181FE76400DFCC39 /* 3.jpg in Resources */,
				B9FF5301181FBC7400DFCC39 /* 0.jpg in Resources */,
				B98CFC3118204DE400BC6A09 /* 10.jpg in Resources */,
				624E6B0D181E5FD300E7FE58 /* Images.xcassets in Resources */,
				CEF64D56182ACA4200FE9C39 /* scene-1.mp4 in Resources */,
				B9FF530A181FE76400DFCC39 /* 2.jpg in Resources */,
				62E9FA2C181FB56A0080A21D /* scene-2.mov in Resources */,
				62A2B28A18215DC700B4F0E4 /* logo.png in Resources */,
				624B9799182158A20087C576 /* tracker-button.png in Resources */,
				624E6AFF181E5FD300E7FE58 /* InfoPlist.strings in Resources */,
				B98CFC2C18204DE400BC6A09 /* 5.jpg in Resources */,
				624E6B08181E5FD300E7FE58 /* Main.storyboard in Resources */,
				B9FF5309181FE76400DFCC39 /* 1.jpg in Resources */,
				B98CFC3018204DE400BC6A09 /* 9.jpg in Resources */,
				B98CFC2F18204DE400BC6A09 /* 8.jpg in Resources */,
				B98CFC2E18204DE400BC6A09 /* 7.jpg in Resources */,
				CE488874181EFFA5001D9A09 /* timeline-button.png in Resources */,
				CEF64D57182ACA4200FE9C39 /* menu.mp4 in Resources */,
				624E6B54181E9AC100E7FE58 /* data.json in Resources */,
			);
			runOnlyForDeploymentPostprocessing = 0;
		};
		624E6B10181E5FD300E7FE58 /* Resources */ = {
			isa = PBXResourcesBuildPhase;
			buildActionMask = 2147483647;
			files = (
				624E6B1E181E5FD300E7FE58 /* InfoPlist.strings in Resources */,
			);
			runOnlyForDeploymentPostprocessing = 0;
		};
/* End PBXResourcesBuildPhase section */

/* Begin PBXSourcesBuildPhase section */
		624E6AED181E5FD300E7FE58 /* Sources */ = {
			isa = PBXSourcesBuildPhase;
			buildActionMask = 2147483647;
			files = (
				624E6B60181EA2B700E7FE58 /* SceneModel.m in Sources */,
				624E6B0B181E5FD300E7FE58 /* ViewController.m in Sources */,
				62E9FA35181FCBC20080A21D /* TrackerModel.m in Sources */,
				CE488872181EFE91001D9A09 /* Timeline.m in Sources */,
				624B97921821534A0087C576 /* Menu.m in Sources */,
				624E6B05181E5FD300E7FE58 /* AppDelegate.m in Sources */,
				CE86045918283BAB0019657F /* Home.m in Sources */,
				624E6B01181E5FD300E7FE58 /* main.m in Sources */,
				B9FF5312181FF58500DFCC39 /* GalleryViewController.m in Sources */,
				624E6B41181E8C1200E7FE58 /* MotionVideoPlayer.m in Sources */,
				B9FF5305181FBD9400DFCC39 /* WorkViewController.m in Sources */,
				6248626618225E7C00F5927A /* SceneChooser.m in Sources */,
				62E9FA3A18201CD30080A21D /* SceneInterstitial.m in Sources */,
				CEB7A07118284CB100A1F6E8 /* GameModel.m in Sources */,
				624E6B47181E94B100E7FE58 /* Scene.m in Sources */,
				624E6B59181E9EEE00E7FE58 /* DataManager.m in Sources */,
				624B978F182120580087C576 /* OrientationUtils.m in Sources */,
				624B978B18211AC50087C576 /* SceneSlider.m in Sources */,
				CE86045D18283E520019657F /* About.m in Sources */,
				624E6B5D181EA2AB00E7FE58 /* WorkModel.m in Sources */,
				624E6B44181E949C00E7FE58 /* SceneManager.m in Sources */,
			);
			runOnlyForDeploymentPostprocessing = 0;
		};
		624E6B0E181E5FD300E7FE58 /* Sources */ = {
			isa = PBXSourcesBuildPhase;
			buildActionMask = 2147483647;
			files = (
				624E6B20181E5FD300E7FE58 /* PicassoTests.m in Sources */,
			);
			runOnlyForDeploymentPostprocessing = 0;
		};
/* End PBXSourcesBuildPhase section */

/* Begin PBXTargetDependency section */
		624E6B18181E5FD300E7FE58 /* PBXTargetDependency */ = {
			isa = PBXTargetDependency;
			target = 624E6AF0181E5FD300E7FE58 /* Picasso */;
			targetProxy = 624E6B17181E5FD300E7FE58 /* PBXContainerItemProxy */;
		};
/* End PBXTargetDependency section */

/* Begin PBXVariantGroup section */
		624E6AFD181E5FD300E7FE58 /* InfoPlist.strings */ = {
			isa = PBXVariantGroup;
			children = (
				624E6AFE181E5FD300E7FE58 /* en */,
			);
			name = InfoPlist.strings;
			sourceTree = "<group>";
		};
		624E6B06181E5FD300E7FE58 /* Main.storyboard */ = {
			isa = PBXVariantGroup;
			children = (
				624E6B07181E5FD300E7FE58 /* Base */,
			);
			name = Main.storyboard;
			sourceTree = "<group>";
		};
		624E6B1C181E5FD300E7FE58 /* InfoPlist.strings */ = {
			isa = PBXVariantGroup;
			children = (
				624E6B1D181E5FD300E7FE58 /* en */,
			);
			name = InfoPlist.strings;
			sourceTree = "<group>";
		};
/* End PBXVariantGroup section */

/* Begin XCBuildConfiguration section */
		624E6B21181E5FD300E7FE58 /* Debug */ = {
			isa = XCBuildConfiguration;
			buildSettings = {
				ALWAYS_SEARCH_USER_PATHS = NO;
				ARCHS = "$(ARCHS_STANDARD_INCLUDING_64_BIT)";
				CLANG_CXX_LANGUAGE_STANDARD = "gnu++0x";
				CLANG_CXX_LIBRARY = "libc++";
				CLANG_ENABLE_MODULES = YES;
				CLANG_ENABLE_OBJC_ARC = YES;
				CLANG_WARN_BOOL_CONVERSION = YES;
				CLANG_WARN_CONSTANT_CONVERSION = YES;
				CLANG_WARN_DIRECT_OBJC_ISA_USAGE = YES_ERROR;
				CLANG_WARN_EMPTY_BODY = YES;
				CLANG_WARN_ENUM_CONVERSION = YES;
				CLANG_WARN_INT_CONVERSION = YES;
				CLANG_WARN_OBJC_ROOT_CLASS = YES_ERROR;
				CLANG_WARN__DUPLICATE_METHOD_MATCH = YES;
				"CODE_SIGN_IDENTITY[sdk=iphoneos*]" = "iPhone Developer";
				COPY_PHASE_STRIP = NO;
				GCC_C_LANGUAGE_STANDARD = gnu99;
				GCC_DYNAMIC_NO_PIC = NO;
				GCC_OPTIMIZATION_LEVEL = 0;
				GCC_PREPROCESSOR_DEFINITIONS = (
					"DEBUG=1",
					"$(inherited)",
				);
				GCC_SYMBOLS_PRIVATE_EXTERN = NO;
				GCC_WARN_64_TO_32_BIT_CONVERSION = YES;
				GCC_WARN_ABOUT_RETURN_TYPE = YES_ERROR;
				GCC_WARN_UNDECLARED_SELECTOR = YES;
				GCC_WARN_UNINITIALIZED_AUTOS = YES;
				GCC_WARN_UNUSED_FUNCTION = YES;
				GCC_WARN_UNUSED_VARIABLE = YES;
				IPHONEOS_DEPLOYMENT_TARGET = 7.0;
				ONLY_ACTIVE_ARCH = YES;
				SDKROOT = iphoneos;
			};
			name = Debug;
		};
		624E6B22181E5FD300E7FE58 /* Release */ = {
			isa = XCBuildConfiguration;
			buildSettings = {
				ALWAYS_SEARCH_USER_PATHS = NO;
				ARCHS = "$(ARCHS_STANDARD_INCLUDING_64_BIT)";
				CLANG_CXX_LANGUAGE_STANDARD = "gnu++0x";
				CLANG_CXX_LIBRARY = "libc++";
				CLANG_ENABLE_MODULES = YES;
				CLANG_ENABLE_OBJC_ARC = YES;
				CLANG_WARN_BOOL_CONVERSION = YES;
				CLANG_WARN_CONSTANT_CONVERSION = YES;
				CLANG_WARN_DIRECT_OBJC_ISA_USAGE = YES_ERROR;
				CLANG_WARN_EMPTY_BODY = YES;
				CLANG_WARN_ENUM_CONVERSION = YES;
				CLANG_WARN_INT_CONVERSION = YES;
				CLANG_WARN_OBJC_ROOT_CLASS = YES_ERROR;
				CLANG_WARN__DUPLICATE_METHOD_MATCH = YES;
				"CODE_SIGN_IDENTITY[sdk=iphoneos*]" = "iPhone Developer";
				COPY_PHASE_STRIP = YES;
				ENABLE_NS_ASSERTIONS = NO;
				GCC_C_LANGUAGE_STANDARD = gnu99;
				GCC_WARN_64_TO_32_BIT_CONVERSION = YES;
				GCC_WARN_ABOUT_RETURN_TYPE = YES_ERROR;
				GCC_WARN_UNDECLARED_SELECTOR = YES;
				GCC_WARN_UNINITIALIZED_AUTOS = YES;
				GCC_WARN_UNUSED_FUNCTION = YES;
				GCC_WARN_UNUSED_VARIABLE = YES;
				IPHONEOS_DEPLOYMENT_TARGET = 7.0;
				SDKROOT = iphoneos;
				VALIDATE_PRODUCT = YES;
			};
			name = Release;
		};
		624E6B24181E5FD300E7FE58 /* Debug */ = {
			isa = XCBuildConfiguration;
			buildSettings = {
				ASSETCATALOG_COMPILER_APPICON_NAME = AppIcon;
				ASSETCATALOG_COMPILER_LAUNCHIMAGE_NAME = LaunchImage;
				GCC_PRECOMPILE_PREFIX_HEADER = YES;
				GCC_PREFIX_HEADER = "Picasso/Picasso-Prefix.pch";
				INFOPLIST_FILE = "Picasso/Picasso-Info.plist";
				PRODUCT_NAME = "$(TARGET_NAME)";
				WRAPPER_EXTENSION = app;
			};
			name = Debug;
		};
		624E6B25181E5FD300E7FE58 /* Release */ = {
			isa = XCBuildConfiguration;
			buildSettings = {
				ASSETCATALOG_COMPILER_APPICON_NAME = AppIcon;
				ASSETCATALOG_COMPILER_LAUNCHIMAGE_NAME = LaunchImage;
				GCC_PRECOMPILE_PREFIX_HEADER = YES;
				GCC_PREFIX_HEADER = "Picasso/Picasso-Prefix.pch";
				INFOPLIST_FILE = "Picasso/Picasso-Info.plist";
				PRODUCT_NAME = "$(TARGET_NAME)";
				WRAPPER_EXTENSION = app;
			};
			name = Release;
		};
		624E6B27181E5FD300E7FE58 /* Debug */ = {
			isa = XCBuildConfiguration;
			buildSettings = {
				ARCHS = "$(ARCHS_STANDARD_INCLUDING_64_BIT)";
				BUNDLE_LOADER = "$(BUILT_PRODUCTS_DIR)/Picasso.app/Picasso";
				FRAMEWORK_SEARCH_PATHS = (
					"$(SDKROOT)/Developer/Library/Frameworks",
					"$(inherited)",
					"$(DEVELOPER_FRAMEWORKS_DIR)",
				);
				GCC_PRECOMPILE_PREFIX_HEADER = YES;
				GCC_PREFIX_HEADER = "Picasso/Picasso-Prefix.pch";
				GCC_PREPROCESSOR_DEFINITIONS = (
					"DEBUG=1",
					"$(inherited)",
				);
				INFOPLIST_FILE = "PicassoTests/PicassoTests-Info.plist";
				PRODUCT_NAME = "$(TARGET_NAME)";
				TEST_HOST = "$(BUNDLE_LOADER)";
				WRAPPER_EXTENSION = xctest;
			};
			name = Debug;
		};
		624E6B28181E5FD300E7FE58 /* Release */ = {
			isa = XCBuildConfiguration;
			buildSettings = {
				ARCHS = "$(ARCHS_STANDARD_INCLUDING_64_BIT)";
				BUNDLE_LOADER = "$(BUILT_PRODUCTS_DIR)/Picasso.app/Picasso";
				FRAMEWORK_SEARCH_PATHS = (
					"$(SDKROOT)/Developer/Library/Frameworks",
					"$(inherited)",
					"$(DEVELOPER_FRAMEWORKS_DIR)",
				);
				GCC_PRECOMPILE_PREFIX_HEADER = YES;
				GCC_PREFIX_HEADER = "Picasso/Picasso-Prefix.pch";
				INFOPLIST_FILE = "PicassoTests/PicassoTests-Info.plist";
				PRODUCT_NAME = "$(TARGET_NAME)";
				TEST_HOST = "$(BUNDLE_LOADER)";
				WRAPPER_EXTENSION = xctest;
			};
			name = Release;
		};
/* End XCBuildConfiguration section */

/* Begin XCConfigurationList section */
		624E6AEC181E5FD300E7FE58 /* Build configuration list for PBXProject "Picasso" */ = {
			isa = XCConfigurationList;
			buildConfigurations = (
				624E6B21181E5FD300E7FE58 /* Debug */,
				624E6B22181E5FD300E7FE58 /* Release */,
			);
			defaultConfigurationIsVisible = 0;
			defaultConfigurationName = Release;
		};
		624E6B23181E5FD300E7FE58 /* Build configuration list for PBXNativeTarget "Picasso" */ = {
			isa = XCConfigurationList;
			buildConfigurations = (
				624E6B24181E5FD300E7FE58 /* Debug */,
				624E6B25181E5FD300E7FE58 /* Release */,
			);
			defaultConfigurationIsVisible = 0;
			defaultConfigurationName = Release;
		};
		624E6B26181E5FD300E7FE58 /* Build configuration list for PBXNativeTarget "PicassoTests" */ = {
			isa = XCConfigurationList;
			buildConfigurations = (
				624E6B27181E5FD300E7FE58 /* Debug */,
				624E6B28181E5FD300E7FE58 /* Release */,
			);
			defaultConfigurationIsVisible = 0;
			defaultConfigurationName = Release;
		};
/* End XCConfigurationList section */
	};
	rootObject = 624E6AE9181E5FD300E7FE58 /* Project object */;
}
